// !$*UTF8*$!
{
	archiveVersion = 1;
	classes = {
	};
	objectVersion = 56;
	objects = {

/* Begin PBXBuildFile section */
		AE7008AF2881193D00548A43 /* Lawn_HelperApp.swift in Sources */ = {isa = PBXBuildFile; fileRef = AE7008AE2881193D00548A43 /* Lawn_HelperApp.swift */; };
		AE7008B12881193D00548A43 /* ContentView.swift in Sources */ = {isa = PBXBuildFile; fileRef = AE7008B02881193D00548A43 /* ContentView.swift */; };
		AE7008B32881193E00548A43 /* Assets.xcassets in Resources */ = {isa = PBXBuildFile; fileRef = AE7008B22881193E00548A43 /* Assets.xcassets */; };
		AE7008B62881193E00548A43 /* Preview Assets.xcassets in Resources */ = {isa = PBXBuildFile; fileRef = AE7008B52881193E00548A43 /* Preview Assets.xcassets */; };
		AE7008BD288119AA00548A43 /* GoogleService-Info.plist in Resources */ = {isa = PBXBuildFile; fileRef = AE7008BC288119AA00548A43 /* GoogleService-Info.plist */; };
		AE7008C0288119E600548A43 /* FirebaseAnalytics in Frameworks */ = {isa = PBXBuildFile; productRef = AE7008BF288119E600548A43 /* FirebaseAnalytics */; };
		AE7008C2288119E600548A43 /* FirebaseDatabase in Frameworks */ = {isa = PBXBuildFile; productRef = AE7008C1288119E600548A43 /* FirebaseDatabase */; };
		AE7008C4288119E600548A43 /* FirebaseDatabaseSwift in Frameworks */ = {isa = PBXBuildFile; productRef = AE7008C3288119E600548A43 /* FirebaseDatabaseSwift */; };
		AE7008C6288119E600548A43 /* FirebaseFirestore in Frameworks */ = {isa = PBXBuildFile; productRef = AE7008C5288119E600548A43 /* FirebaseFirestore */; };
		AE7008C8288119E600548A43 /* FirebaseStorage in Frameworks */ = {isa = PBXBuildFile; productRef = AE7008C7288119E600548A43 /* FirebaseStorage */; };
/* End PBXBuildFile section */

/* Begin PBXFileReference section */
		AE7008AB2881193D00548A43 /* Lawn Helper.app */ = {isa = PBXFileReference; explicitFileType = wrapper.application; includeInIndex = 0; path = "Lawn Helper.app"; sourceTree = BUILT_PRODUCTS_DIR; };
		AE7008AE2881193D00548A43 /* Lawn_HelperApp.swift */ = {isa = PBXFileReference; lastKnownFileType = sourcecode.swift; path = Lawn_HelperApp.swift; sourceTree = "<group>"; };
		AE7008B02881193D00548A43 /* ContentView.swift */ = {isa = PBXFileReference; lastKnownFileType = sourcecode.swift; path = ContentView.swift; sourceTree = "<group>"; };
		AE7008B22881193E00548A43 /* Assets.xcassets */ = {isa = PBXFileReference; lastKnownFileType = folder.assetcatalog; path = Assets.xcassets; sourceTree = "<group>"; };
		AE7008B52881193E00548A43 /* Preview Assets.xcassets */ = {isa = PBXFileReference; lastKnownFileType = folder.assetcatalog; path = "Preview Assets.xcassets"; sourceTree = "<group>"; };
		AE7008BC288119AA00548A43 /* GoogleService-Info.plist */ = {isa = PBXFileReference; fileEncoding = 4; lastKnownFileType = text.plist.xml; path = "GoogleService-Info.plist"; sourceTree = "<group>"; };
/* End PBXFileReference section */

/* Begin PBXFrameworksBuildPhase section */
		AE7008A82881193D00548A43 /* Frameworks */ = {
			isa = PBXFrameworksBuildPhase;
			buildActionMask = 2147483647;
			files = (
				AE7008C4288119E600548A43 /* FirebaseDatabaseSwift in Frameworks */,
				AE7008C6288119E600548A43 /* FirebaseFirestore in Frameworks */,
				AE7008C2288119E600548A43 /* FirebaseDatabase in Frameworks */,
				AE7008C8288119E600548A43 /* FirebaseStorage in Frameworks */,
				AE7008C0288119E600548A43 /* FirebaseAnalytics in Frameworks */,
			);
			runOnlyForDeploymentPostprocessing = 0;
		};
/* End PBXFrameworksBuildPhase section */

/* Begin PBXGroup section */
		AE7008A22881193D00548A43 = {
			isa = PBXGroup;
			children = (
				AE7008AD2881193D00548A43 /* Lawn Helper */,
				AE7008AC2881193D00548A43 /* Products */,
			);
			sourceTree = "<group>";
		};
		AE7008AC2881193D00548A43 /* Products */ = {
			isa = PBXGroup;
			children = (
				AE7008AB2881193D00548A43 /* Lawn Helper.app */,
			);
			name = Products;
			sourceTree = "<group>";
		};
		AE7008AD2881193D00548A43 /* Lawn Helper */ = {
			isa = PBXGroup;
			children = (
				AE7008AE2881193D00548A43 /* Lawn_HelperApp.swift */,
				AE7008B02881193D00548A43 /* ContentView.swift */,
				AE7008B22881193E00548A43 /* Assets.xcassets */,
				AE7008BC288119AA00548A43 /* GoogleService-Info.plist */,
				AE7008B42881193E00548A43 /* Preview Content */,
			);
			path = "Lawn Helper";
			sourceTree = "<group>";
		};
		AE7008B42881193E00548A43 /* Preview Content */ = {
			isa = PBXGroup;
			children = (
				AE7008B52881193E00548A43 /* Preview Assets.xcassets */,
			);
			path = "Preview Content";
			sourceTree = "<group>";
		};
/* End PBXGroup section */

/* Begin PBXNativeTarget section */
		AE7008AA2881193D00548A43 /* Lawn Helper */ = {
			isa = PBXNativeTarget;
			buildConfigurationList = AE7008B92881193E00548A43 /* Build configuration list for PBXNativeTarget "Lawn Helper" */;
			buildPhases = (
				AE7008A72881193D00548A43 /* Sources */,
				AE7008A82881193D00548A43 /* Frameworks */,
				AE7008A92881193D00548A43 /* Resources */,
			);
			buildRules = (
			);
			dependencies = (
			);
			name = "Lawn Helper";
			packageProductDependencies = (
				AE7008BF288119E600548A43 /* FirebaseAnalytics */,
				AE7008C1288119E600548A43 /* FirebaseDatabase */,
				AE7008C3288119E600548A43 /* FirebaseDatabaseSwift */,
				AE7008C5288119E600548A43 /* FirebaseFirestore */,
				AE7008C7288119E600548A43 /* FirebaseStorage */,
			);
			productName = "Lawn Helper";
			productReference = AE7008AB2881193D00548A43 /* Lawn Helper.app */;
			productType = "com.apple.product-type.application";
		};
/* End PBXNativeTarget section */

/* Begin PBXProject section */
		AE7008A32881193D00548A43 /* Project object */ = {
			isa = PBXProject;
			attributes = {
				BuildIndependentTargetsInParallel = 1;
				LastSwiftUpdateCheck = 1400;
				LastUpgradeCheck = 1400;
				TargetAttributes = {
					AE7008AA2881193D00548A43 = {
						CreatedOnToolsVersion = 14.0;
					};
				};
			};
			buildConfigurationList = AE7008A62881193D00548A43 /* Build configuration list for PBXProject "Lawn Helper" */;
			compatibilityVersion = "Xcode 14.0";
			developmentRegion = en;
			hasScannedForEncodings = 0;
			knownRegions = (
				en,
				Base,
			);
			mainGroup = AE7008A22881193D00548A43;
			packageReferences = (
				AE7008BE288119E600548A43 /* XCRemoteSwiftPackageReference "firebase-ios-sdk" */,
			);
			productRefGroup = AE7008AC2881193D00548A43 /* Products */;
			projectDirPath = "";
			projectRoot = "";
			targets = (
				AE7008AA2881193D00548A43 /* Lawn Helper */,
			);
		};
/* End PBXProject section */

/* Begin PBXResourcesBuildPhase section */
		AE7008A92881193D00548A43 /* Resources */ = {
			isa = PBXResourcesBuildPhase;
			buildActionMask = 2147483647;
			files = (
				AE7008B62881193E00548A43 /* Preview Assets.xcassets in Resources */,
				AE7008B32881193E00548A43 /* Assets.xcassets in Resources */,
				AE7008BD288119AA00548A43 /* GoogleService-Info.plist in Resources */,
			);
			runOnlyForDeploymentPostprocessing = 0;
		};
/* End PBXResourcesBuildPhase section */

/* Begin PBXSourcesBuildPhase section */
		AE7008A72881193D00548A43 /* Sources */ = {
			isa = PBXSourcesBuildPhase;
			buildActionMask = 2147483647;
			files = (
				AE7008B12881193D00548A43 /* ContentView.swift in Sources */,
				AE7008AF2881193D00548A43 /* Lawn_HelperApp.swift in Sources */,
			);
			runOnlyForDeploymentPostprocessing = 0;
		};
/* End PBXSourcesBuildPhase section */

/* Begin XCBuildConfiguration section */
		AE7008B72881193E00548A43 /* Debug */ = {
			isa = XCBuildConfiguration;
			buildSettings = {
				ALWAYS_SEARCH_USER_PATHS = NO;
				CLANG_ANALYZER_NONNULL = YES;
				CLANG_ANALYZER_NUMBER_OBJECT_CONVERSION = YES_AGGRESSIVE;
				CLANG_CXX_LANGUAGE_STANDARD = "gnu++20";
				CLANG_ENABLE_MODULES = YES;
				CLANG_ENABLE_OBJC_ARC = YES;
				CLANG_ENABLE_OBJC_WEAK = YES;
				CLANG_WARN_BLOCK_CAPTURE_AUTORELEASING = YES;
				CLANG_WARN_BOOL_CONVERSION = YES;
				CLANG_WARN_COMMA = YES;
				CLANG_WARN_CONSTANT_CONVERSION = YES;
				CLANG_WARN_DEPRECATED_OBJC_IMPLEMENTATIONS = YES;
				CLANG_WARN_DIRECT_OBJC_ISA_USAGE = YES_ERROR;
				CLANG_WARN_DOCUMENTATION_COMMENTS = YES;
				CLANG_WARN_EMPTY_BODY = YES;
				CLANG_WARN_ENUM_CONVERSION = YES;
				CLANG_WARN_INFINITE_RECURSION = YES;
				CLANG_WARN_INT_CONVERSION = YES;
				CLANG_WARN_NON_LITERAL_NULL_CONVERSION = YES;
				CLANG_WARN_OBJC_IMPLICIT_RETAIN_SELF = YES;
				CLANG_WARN_OBJC_LITERAL_CONVERSION = YES;
				CLANG_WARN_OBJC_ROOT_CLASS = YES_ERROR;
				CLANG_WARN_QUOTED_INCLUDE_IN_FRAMEWORK_HEADER = YES;
				CLANG_WARN_RANGE_LOOP_ANALYSIS = YES;
				CLANG_WARN_STRICT_PROTOTYPES = YES;
				CLANG_WARN_SUSPICIOUS_MOVE = YES;
				CLANG_WARN_UNGUARDED_AVAILABILITY = YES_AGGRESSIVE;
				CLANG_WARN_UNREACHABLE_CODE = YES;
				CLANG_WARN__DUPLICATE_METHOD_MATCH = YES;
				COPY_PHASE_STRIP = NO;
				DEBUG_INFORMATION_FORMAT = dwarf;
				ENABLE_STRICT_OBJC_MSGSEND = YES;
				ENABLE_TESTABILITY = YES;
				GCC_C_LANGUAGE_STANDARD = gnu11;
				GCC_DYNAMIC_NO_PIC = NO;
				GCC_NO_COMMON_BLOCKS = YES;
				GCC_OPTIMIZATION_LEVEL = 0;
				GCC_PREPROCESSOR_DEFINITIONS = (
					"DEBUG=1",
					"$(inherited)",
				);
				GCC_WARN_64_TO_32_BIT_CONVERSION = YES;
				GCC_WARN_ABOUT_RETURN_TYPE = YES_ERROR;
				GCC_WARN_UNDECLARED_SELECTOR = YES;
				GCC_WARN_UNINITIALIZED_AUTOS = YES_AGGRESSIVE;
				GCC_WARN_UNUSED_FUNCTION = YES;
				GCC_WARN_UNUSED_VARIABLE = YES;
				IPHONEOS_DEPLOYMENT_TARGET = 16.0;
				MTL_ENABLE_DEBUG_INFO = INCLUDE_SOURCE;
				MTL_FAST_MATH = YES;
				ONLY_ACTIVE_ARCH = YES;
				SDKROOT = iphoneos;
				SWIFT_ACTIVE_COMPILATION_CONDITIONS = DEBUG;
				SWIFT_OPTIMIZATION_LEVEL = "-Onone";
			};
			name = Debug;
		};
		AE7008B82881193E00548A43 /* Release */ = {
			isa = XCBuildConfiguration;
			buildSettings = {
				ALWAYS_SEARCH_USER_PATHS = NO;
				CLANG_ANALYZER_NONNULL = YES;
				CLANG_ANALYZER_NUMBER_OBJECT_CONVERSION = YES_AGGRESSIVE;
				CLANG_CXX_LANGUAGE_STANDARD = "gnu++20";
				CLANG_ENABLE_MODULES = YES;
				CLANG_ENABLE_OBJC_ARC = YES;
				CLANG_ENABLE_OBJC_WEAK = YES;
				CLANG_WARN_BLOCK_CAPTURE_AUTORELEASING = YES;
				CLANG_WARN_BOOL_CONVERSION = YES;
				CLANG_WARN_COMMA = YES;
				CLANG_WARN_CONSTANT_CONVERSION = YES;
				CLANG_WARN_DEPRECATED_OBJC_IMPLEMENTATIONS = YES;
				CLANG_WARN_DIRECT_OBJC_ISA_USAGE = YES_ERROR;
				CLANG_WARN_DOCUMENTATION_COMMENTS = YES;
				CLANG_WARN_EMPTY_BODY = YES;
				CLANG_WARN_ENUM_CONVERSION = YES;
				CLANG_WARN_INFINITE_RECURSION = YES;
				CLANG_WARN_INT_CONVERSION = YES;
				CLANG_WARN_NON_LITERAL_NULL_CONVERSION = YES;
				CLANG_WARN_OBJC_IMPLICIT_RETAIN_SELF = YES;
				CLANG_WARN_OBJC_LITERAL_CONVERSION = YES;
				CLANG_WARN_OBJC_ROOT_CLASS = YES_ERROR;
				CLANG_WARN_QUOTED_INCLUDE_IN_FRAMEWORK_HEADER = YES;
				CLANG_WARN_RANGE_LOOP_ANALYSIS = YES;
				CLANG_WARN_STRICT_PROTOTYPES = YES;
				CLANG_WARN_SUSPICIOUS_MOVE = YES;
				CLANG_WARN_UNGUARDED_AVAILABILITY = YES_AGGRESSIVE;
				CLANG_WARN_UNREACHABLE_CODE = YES;
				CLANG_WARN__DUPLICATE_METHOD_MATCH = YES;
				COPY_PHASE_STRIP = NO;
				DEBUG_INFORMATION_FORMAT = "dwarf-with-dsym";
				ENABLE_NS_ASSERTIONS = NO;
				ENABLE_STRICT_OBJC_MSGSEND = YES;
				GCC_C_LANGUAGE_STANDARD = gnu11;
				GCC_NO_COMMON_BLOCKS = YES;
				GCC_WARN_64_TO_32_BIT_CONVERSION = YES;
				GCC_WARN_ABOUT_RETURN_TYPE = YES_ERROR;
				GCC_WARN_UNDECLARED_SELECTOR = YES;
				GCC_WARN_UNINITIALIZED_AUTOS = YES_AGGRESSIVE;
				GCC_WARN_UNUSED_FUNCTION = YES;
				GCC_WARN_UNUSED_VARIABLE = YES;
				IPHONEOS_DEPLOYMENT_TARGET = 16.0;
				MTL_ENABLE_DEBUG_INFO = NO;
				MTL_FAST_MATH = YES;
				SDKROOT = iphoneos;
				SWIFT_COMPILATION_MODE = wholemodule;
				SWIFT_OPTIMIZATION_LEVEL = "-O";
				VALIDATE_PRODUCT = YES;
			};
			name = Release;
		};
		AE7008BA2881193E00548A43 /* Debug */ = {
			isa = XCBuildConfiguration;
			buildSettings = {
				ASSETCATALOG_COMPILER_APPICON_NAME = AppIcon;
				ASSETCATALOG_COMPILER_GLOBAL_ACCENT_COLOR_NAME = AccentColor;
				CODE_SIGN_STYLE = Automatic;
				CURRENT_PROJECT_VERSION = 1;
				DEVELOPMENT_ASSET_PATHS = "\"Lawn Helper/Preview Content\"";
				DEVELOPMENT_TEAM = 6XQ5SQ55JG;
				ENABLE_PREVIEWS = YES;
				GENERATE_INFOPLIST_FILE = YES;
				INFOPLIST_KEY_CFBundleDisplayName = "Lawn Helper";
				INFOPLIST_KEY_LSApplicationCategoryType = "public.app-category.education";
				INFOPLIST_KEY_UIApplicationSceneManifest_Generation = YES;
				INFOPLIST_KEY_UIApplicationSupportsIndirectInputEvents = YES;
				INFOPLIST_KEY_UILaunchScreen_Generation = YES;
				INFOPLIST_KEY_UISupportedInterfaceOrientations = UIInterfaceOrientationPortrait;
				INFOPLIST_KEY_UISupportedInterfaceOrientations_iPad = "UIInterfaceOrientationLandscapeLeft UIInterfaceOrientationLandscapeRight UIInterfaceOrientationPortraitUpsideDown";
				IPHONEOS_DEPLOYMENT_TARGET = 15.0;
				LD_RUNPATH_SEARCH_PATHS = (
					"$(inherited)",
					"@executable_path/Frameworks",
				);
				MARKETING_VERSION = 1.0;
				PRODUCT_BUNDLE_IDENTIFIER = "com.damianomiazzi.Lawn-Helper";
				PRODUCT_NAME = "$(TARGET_NAME)";
				SUPPORTED_PLATFORMS = "iphoneos iphonesimulator";
				SUPPORTS_MACCATALYST = NO;
				SUPPORTS_MAC_DESIGNED_FOR_IPHONE_IPAD = NO;
				SWIFT_EMIT_LOC_STRINGS = YES;
				SWIFT_VERSION = 5.0;
				TARGETED_DEVICE_FAMILY = 1;
			};
			name = Debug;
		};
		AE7008BB2881193E00548A43 /* Release */ = {
			isa = XCBuildConfiguration;
			buildSettings = {
				ASSETCATALOG_COMPILER_APPICON_NAME = AppIcon;
				ASSETCATALOG_COMPILER_GLOBAL_ACCENT_COLOR_NAME = AccentColor;
				CODE_SIGN_STYLE = Automatic;
				CURRENT_PROJECT_VERSION = 1;
				DEVELOPMENT_ASSET_PATHS = "\"Lawn Helper/Preview Content\"";
				DEVELOPMENT_TEAM = 6XQ5SQ55JG;
				ENABLE_PREVIEWS = YES;
				GENERATE_INFOPLIST_FILE = YES;
				INFOPLIST_KEY_CFBundleDisplayName = "Lawn Helper";
				INFOPLIST_KEY_LSApplicationCategoryType = "public.app-category.education";
				INFOPLIST_KEY_UIApplicationSceneManifest_Generation = YES;
				INFOPLIST_KEY_UIApplicationSupportsIndirectInputEvents = YES;
				INFOPLIST_KEY_UILaunchScreen_Generation = YES;
				INFOPLIST_KEY_UISupportedInterfaceOrientations = UIInterfaceOrientationPortrait;
				INFOPLIST_KEY_UISupportedInterfaceOrientations_iPad = "UIInterfaceOrientationLandscapeLeft UIInterfaceOrientationLandscapeRight UIInterfaceOrientationPortraitUpsideDown";
				IPHONEOS_DEPLOYMENT_TARGET = 15.0;
				LD_RUNPATH_SEARCH_PATHS = (
					"$(inherited)",
					"@executable_path/Frameworks",
				);
				MARKETING_VERSION = 1.0;
				PRODUCT_BUNDLE_IDENTIFIER = "com.damianomiazzi.Lawn-Helper";
				PRODUCT_NAME = "$(TARGET_NAME)";
				SUPPORTED_PLATFORMS = "iphoneos iphonesimulator";
				SUPPORTS_MACCATALYST = NO;
				SUPPORTS_MAC_DESIGNED_FOR_IPHONE_IPAD = NO;
				SWIFT_EMIT_LOC_STRINGS = YES;
				SWIFT_VERSION = 5.0;
				TARGETED_DEVICE_FAMILY = 1;
			};
			name = Release;
		};
/* End XCBuildConfiguration section */

/* Begin XCConfigurationList section */
		AE7008A62881193D00548A43 /* Build configuration list for PBXProject "Lawn Helper" */ = {
			isa = XCConfigurationList;
			buildConfigurations = (
				AE7008B72881193E00548A43 /* Debug */,
				AE7008B82881193E00548A43 /* Release */,
			);
			defaultConfigurationIsVisible = 0;
			defaultConfigurationName = Release;
		};
		AE7008B92881193E00548A43 /* Build configuration list for PBXNativeTarget "Lawn Helper" */ = {
			isa = XCConfigurationList;
			buildConfigurations = (
				AE7008BA2881193E00548A43 /* Debug */,
				AE7008BB2881193E00548A43 /* Release */,
			);
			defaultConfigurationIsVisible = 0;
			defaultConfigurationName = Release;
		};
/* End XCConfigurationList section */

/* Begin XCRemoteSwiftPackageReference section */
		AE7008BE288119E600548A43 /* XCRemoteSwiftPackageReference "firebase-ios-sdk" */ = {
			isa = XCRemoteSwiftPackageReference;
			repositoryURL = "https://github.com/firebase/firebase-ios-sdk.git";
			requirement = {
				branch = master;
				kind = branch;
			};
		};
/* End XCRemoteSwiftPackageReference section */

/* Begin XCSwiftPackageProductDependency section */
		AE7008BF288119E600548A43 /* FirebaseAnalytics */ = {
			isa = XCSwiftPackageProductDependency;
			package = AE7008BE288119E600548A43 /* XCRemoteSwiftPackageReference "firebase-ios-sdk" */;
			productName = FirebaseAnalytics;
		};
		AE7008C1288119E600548A43 /* FirebaseDatabase */ = {
			isa = XCSwiftPackageProductDependency;
			package = AE7008BE288119E600548A43 /* XCRemoteSwiftPackageReference "firebase-ios-sdk" */;
			productName = FirebaseDatabase;
		};
		AE7008C3288119E600548A43 /* FirebaseDatabaseSwift */ = {
			isa = XCSwiftPackageProductDependency;
			package = AE7008BE288119E600548A43 /* XCRemoteSwiftPackageReference "firebase-ios-sdk" */;
			productName = FirebaseDatabaseSwift;
		};
		AE7008C5288119E600548A43 /* FirebaseFirestore */ = {
			isa = XCSwiftPackageProductDependency;
			package = AE7008BE288119E600548A43 /* XCRemoteSwiftPackageReference "firebase-ios-sdk" */;
			productName = FirebaseFirestore;
		};
		AE7008C7288119E600548A43 /* FirebaseStorage */ = {
			isa = XCSwiftPackageProductDependency;
			package = AE7008BE288119E600548A43 /* XCRemoteSwiftPackageReference "firebase-ios-sdk" */;
			productName = FirebaseStorage;
		};
/* End XCSwiftPackageProductDependency section */
	};
	rootObject = AE7008A32881193D00548A43 /* Project object */;
}
